<?xml version="1.0" encoding="utf-8"?>
<Project ToolsVersion="4.0" xmlns="http://schemas.microsoft.com/developer/msbuild/2003">
  <ItemGroup>
    <Filter Include="Header Files">
      <UniqueIdentifier>{93995380-89BD-4b04-88EB-625FBE52EBFB}</UniqueIdentifier>
      <Extensions>h;hh;hpp;hxx;h++;hm;inl;inc;ipp;xsd</Extensions>
    </Filter>
    <Filter Include="The Resource Files">
      <UniqueIdentifier>{67DA6AB6-F800-4c08-8B7A-83BB121AAD01}</UniqueIdentifier>
      <Extensions>rc;ico;cur;bmp;dlg;rc2;rct;bin;rgs;gif;jpg;jpeg;jpe;resx;tiff;tif;png;wav;mfcribbon-ms</Extensions>
    </Filter>
    <Filter Include="Source Files">
      <UniqueIdentifier>{4FC737F1-C7A5-4376-A066-2A32D752A2FF}</UniqueIdentifier>
      <Extensions>cpp;c;cc;cxx;c++;cppm;ixx;def;odl;idl;hpj;bat;asm;asmx</Extensions>
    </Filter>
    <Filter Include="CubeMan">
      <UniqueIdentifier>{c0c120b0-05f2-45f5-b6a3-ac4e62e1f541}</UniqueIdentifier>
    </Filter>
  </ItemGroup>
  <ItemGroup>
    <ClInclude Include="framework.h">
      <Filter>Header Files</Filter>
    </ClInclude>
    <ClInclude Include="targetver.h">
      <Filter>Header Files</Filter>
    </ClInclude>
    <ClInclude Include="Resource.h">
      <Filter>Header Files</Filter>
    </ClInclude>
    <ClInclude Include="DirectX_Study.h">
      <Filter>Header Files</Filter>
    </ClInclude>
    <ClInclude Include="cMainGame.h">
      <Filter>Header Files</Filter>
    </ClInclude>
    <ClInclude Include="cDeviceManager.h">
      <Filter>Header Files</Filter>
    </ClInclude>
    <ClInclude Include="cCubePC.h">
      <Filter>Header Files</Filter>
    </ClInclude>
    <ClInclude Include="cGizmo.h">
      <Filter>Header Files</Filter>
    </ClInclude>
    <ClInclude Include="cGrid.h">
      <Filter>Header Files</Filter>
    </ClInclude>
    <ClInclude Include="cCamera.h">
      <Filter>Header Files</Filter>
    </ClInclude>
    <ClInclude Include="cCubePNT.h">
      <Filter>CubeMan</Filter>
    </ClInclude>
    <ClInclude Include="cCubeNode.h">
      <Filter>CubeMan</Filter>
    </ClInclude>
  </ItemGroup>
  <ItemGroup>
    <ClCompile Include="DirectX_Study.cpp">
      <Filter>Source Files</Filter>
    </ClCompile>
    <ClCompile Include="cMainGame.cpp">
      <Filter>Source Files</Filter>
    </ClCompile>
    <ClCompile Include="cDeviceManager.cpp">
      <Filter>Source Files</Filter>
    </ClCompile>
    <ClCompile Include="cCubePC.cpp">
      <Filter>Source Files</Filter>
    </ClCompile>
    <ClCompile Include="cGizmo.cpp">
      <Filter>Source Files</Filter>
    </ClCompile>
    <ClCompile Include="cGrid.cpp">
      <Filter>Source Files</Filter>
    </ClCompile>
    <ClCompile Include="cCamera.cpp">
      <Filter>Source Files</Filter>
    </ClCompile>
    <ClCompile Include="cCubePNT.cpp">
      <Filter>CubeMan</Filter>
    </ClCompile>
    <ClCompile Include="cCubeNode.cpp">
      <Filter>CubeMan</Filter>
    </ClCompile>
  </ItemGroup>
  <ItemGroup>
    <ResourceCompile Include="DirectX_Study.rc">
      <Filter>The Resource Files</Filter>
    </ResourceCompile>
  </ItemGroup>
  <ItemGroup>
    <Image Include="small.ico">
      <Filter>The Resource Files</Filter>
    </Image>
    <Image Include="DirectX_Study.ico">
      <Filter>The Resource Files</Filter>
    </Image>
  </ItemGroup>
</Project>